// !$*UTF8*$!
{
	archiveVersion = 1;
	classes = {
	};
	objectVersion = 56;
	objects = {

/* Begin PBXBuildFile section */
		7D9686186058426BBD007096 /* iOSApp.swift in Sources */ = {isa = PBXBuildFile; fileRef = 0F94D8A3B5E4433CBCF6F23B /* iOSApp.swift */; };
		D3257D69578042FB8BC5C9C9 /* ContentView.swift in Sources */ = {isa = PBXBuildFile; fileRef = DFEDA185A4B944EA9EA19CDA /* ContentView.swift */; };
		1794D810B24D42488749FCD3 /* Assets.xcassets in Resources */ = {isa = PBXBuildFile; fileRef = 7A3F5E4F1E134146BBC896AF /* Assets.xcassets */; };
		8320041D30D04F1FA8E85EBD /* Theme.swift in Sources */ = {isa = PBXBuildFile; fileRef = CBB6ED8EAD9849FA9A6F50E8 /* Theme.swift */; };
		CB4773179A4442C499133368 /* Models.swift in Sources */ = {isa = PBXBuildFile; fileRef = 4E8AD308496D4A458643A58C /* Models.swift */; };
		E4B2FE3B92F54B47831B178F /* AppState.swift in Sources */ = {isa = PBXBuildFile; fileRef = 37DA31E6F866464CB56AFAA6 /* AppState.swift */; };
		2084BA6B92AC49BE90ADED77 /* HomeView.swift in Sources */ = {isa = PBXBuildFile; fileRef = 7A4131C9865C488C967C0242 /* HomeView.swift */; };
		3893DBDDF5134E1896397E23 /* LoginView.swift in Sources */ = {isa = PBXBuildFile; fileRef = 1C969B64F4204746802A53D1 /* LoginView.swift */; };
		BDB50DD30E5148239B8DABA6 /* ProfileView.swift in Sources */ = {isa = PBXBuildFile; fileRef = 10EB2CC93B724734ACA5FEBA /* ProfileView.swift */; };
		13C283B963DD4F17992C2870 /* RootTabView.swift in Sources */ = {isa = PBXBuildFile; fileRef = 09824C16354441898637F75A /* RootTabView.swift */; };
		6CDB928F20EC4BC1870F749E /* SearchFormView.swift in Sources */ = {isa = PBXBuildFile; fileRef = 16B3AF8FCFC14598A08A7C4E /* SearchFormView.swift */; };
		AE0215F57B5842D48693B396 /* SearchResultsView.swift in Sources */ = {isa = PBXBuildFile; fileRef = F810A33E3B32418F8D86269B /* SearchResultsView.swift */; };
		3670C5C5CF974244B508C864 /* TrainDetailView.swift in Sources */ = {isa = PBXBuildFile; fileRef = 34E431847864465BB4E3674A /* TrainDetailView.swift */; };
		7DA49C4425D44CE594173831 /* JourneyPlannerCard.swift in Sources */ = {isa = PBXBuildFile; fileRef = 97FAA9E95DBD40C791B08AAE /* JourneyPlannerCard.swift */; };
		8A16B7AA768E4472A289807B /* QuickActionsRow.swift in Sources */ = {isa = PBXBuildFile; fileRef = 45264F5B255C4C32891B8550 /* QuickActionsRow.swift */; };
		DCFCE4AA49614B3EAAB2933C /* TrainResultCard.swift in Sources */ = {isa = PBXBuildFile; fileRef = 0550D1F25BB44A4AA66F3099 /* TrainResultCard.swift */; };
		9CB8FC6719E946AE8FE4A64D /* StationPickerSheet.swift in Sources */ = {isa = PBXBuildFile; fileRef = 6A3E81F7494B468690C0B2FD /* StationPickerSheet.swift */; };
		5C55C1916457477684D0EF09 /* HistoryView.swift in Sources */ = {isa = PBXBuildFile; fileRef = F513E55826D94C18A129DAF3 /* HistoryView.swift */; };
		11C29FA2D4544C9BA4C07F2D /* TrainSearchResultsView.swift in Sources */ = {isa = PBXBuildFile; fileRef = 805BEEF5367448F6A104A718 /* TrainSearchResultsView.swift */; };
		B656C38014A74498B19888BA /* ConfirmedTrainList.swift in Sources */ = {isa = PBXBuildFile; fileRef = E8489207219B424E913ADD2C /* ConfirmedTrainList.swift */; };
		91380C292DEE42799B2528E1 /* L10n.swift in Sources */ = {isa = PBXBuildFile; fileRef = 316EB7DFDED74CB98E5B7861 /* L10n.swift */; };
		C366272A457B4BBBA6327CAA /* SettingsView.swift in Sources */ = {isa = PBXBuildFile; fileRef = 03291A184487444D9D6E335F /* SettingsView.swift */; };
/* End PBXBuildFile section */

/* Begin PBXFileReference section */
		22039B95B2BC4934B3DC0480 /* iosApp.app */ = {isa = PBXFileReference; explicitFileType = wrapper.application; includeInIndex = 0; path = iosApp.app; sourceTree = BUILT_PRODUCTS_DIR; };
		0F94D8A3B5E4433CBCF6F23B /* iOSApp.swift */ = {isa = PBXFileReference; lastKnownFileType = sourcecode.swift; path = iOSApp.swift; sourceTree = "<group>"; };
		DFEDA185A4B944EA9EA19CDA /* ContentView.swift */ = {isa = PBXFileReference; lastKnownFileType = sourcecode.swift; path = ContentView.swift; sourceTree = "<group>"; };
		7A3F5E4F1E134146BBC896AF /* Assets.xcassets */ = {isa = PBXFileReference; lastKnownFileType = folder.assetcatalog; path = Assets.xcassets; sourceTree = "<group>"; };
		2059E33418F848E184389EB3 /* Info.plist */ = {isa = PBXFileReference; lastKnownFileType = text.plist.xml; path = Info.plist; sourceTree = "<group>"; };
		CBB6ED8EAD9849FA9A6F50E8 /* Theme.swift */ = {isa = PBXFileReference; lastKnownFileType = sourcecode.swift; path = Theme.swift; sourceTree = "<group>"; };
		4E8AD308496D4A458643A58C /* Models.swift */ = {isa = PBXFileReference; lastKnownFileType = sourcecode.swift; path = Models.swift; sourceTree = "<group>"; };
		37DA31E6F866464CB56AFAA6 /* AppState.swift */ = {isa = PBXFileReference; lastKnownFileType = sourcecode.swift; path = AppState.swift; sourceTree = "<group>"; };
		7A4131C9865C488C967C0242 /* HomeView.swift */ = {isa = PBXFileReference; lastKnownFileType = sourcecode.swift; path = HomeView.swift; sourceTree = "<group>"; };
		1C969B64F4204746802A53D1 /* LoginView.swift */ = {isa = PBXFileReference; lastKnownFileType = sourcecode.swift; path = LoginView.swift; sourceTree = "<group>"; };
		10EB2CC93B724734ACA5FEBA /* ProfileView.swift */ = {isa = PBXFileReference; lastKnownFileType = sourcecode.swift; path = ProfileView.swift; sourceTree = "<group>"; };
		09824C16354441898637F75A /* RootTabView.swift */ = {isa = PBXFileReference; lastKnownFileType = sourcecode.swift; path = RootTabView.swift; sourceTree = "<group>"; };
		16B3AF8FCFC14598A08A7C4E /* SearchFormView.swift */ = {isa = PBXFileReference; lastKnownFileType = sourcecode.swift; path = SearchFormView.swift; sourceTree = "<group>"; };
		F810A33E3B32418F8D86269B /* SearchResultsView.swift */ = {isa = PBXFileReference; lastKnownFileType = sourcecode.swift; path = SearchResultsView.swift; sourceTree = "<group>"; };
		34E431847864465BB4E3674A /* TrainDetailView.swift */ = {isa = PBXFileReference; lastKnownFileType = sourcecode.swift; path = TrainDetailView.swift; sourceTree = "<group>"; };
		97FAA9E95DBD40C791B08AAE /* JourneyPlannerCard.swift */ = {isa = PBXFileReference; lastKnownFileType = sourcecode.swift; path = JourneyPlannerCard.swift; sourceTree = "<group>"; };
		45264F5B255C4C32891B8550 /* QuickActionsRow.swift */ = {isa = PBXFileReference; lastKnownFileType = sourcecode.swift; path = QuickActionsRow.swift; sourceTree = "<group>"; };
		0550D1F25BB44A4AA66F3099 /* TrainResultCard.swift */ = {isa = PBXFileReference; lastKnownFileType = sourcecode.swift; path = TrainResultCard.swift; sourceTree = "<group>"; };
		6A3E81F7494B468690C0B2FD /* StationPickerSheet.swift */ = {isa = PBXFileReference; lastKnownFileType = sourcecode.swift; path = StationPickerSheet.swift; sourceTree = "<group>"; };
		F513E55826D94C18A129DAF3 /* HistoryView.swift */ = {isa = PBXFileReference; lastKnownFileType = sourcecode.swift; path = HistoryView.swift; sourceTree = "<group>"; };
		805BEEF5367448F6A104A718 /* TrainSearchResultsView.swift */ = {isa = PBXFileReference; lastKnownFileType = sourcecode.swift; path = TrainSearchResultsView.swift; sourceTree = "<group>"; };
		E8489207219B424E913ADD2C /* ConfirmedTrainList.swift */ = {isa = PBXFileReference; lastKnownFileType = sourcecode.swift; path = ConfirmedTrainList.swift; sourceTree = "<group>"; };
		316EB7DFDED74CB98E5B7861 /* L10n.swift */ = {isa = PBXFileReference; lastKnownFileType = sourcecode.swift; path = L10n.swift; sourceTree = "<group>"; };
		03291A184487444D9D6E335F /* SettingsView.swift */ = {isa = PBXFileReference; lastKnownFileType = sourcecode.swift; path = SettingsView.swift; sourceTree = "<group>"; };
/* End PBXFileReference section */

/* Begin PBXFrameworksBuildPhase section */
		4C67FCD893BF435F9B33815F /* Frameworks */ = {
			isa = PBXFrameworksBuildPhase;
			buildActionMask = 2147483647;
			files = (
			);
			runOnlyForDeploymentPostprocessing = 0;
		};
/* End PBXFrameworksBuildPhase section */

/* Begin PBXGroup section */
		308B94949D7E45F1B4D00FCA = {
			isa = PBXGroup;
			children = (
				F3B6368B4CB24BF7812B067B /* iosApp */,
				19173B9A0D4F42CCA1267D73 /* Products */,
			);
			sourceTree = "<group>";
		};
		F3B6368B4CB24BF7812B067B /* iosApp */ = {
			isa = PBXGroup;
			children = (
				0F94D8A3B5E4433CBCF6F23B /* iOSApp.swift */,
				DFEDA185A4B944EA9EA19CDA /* ContentView.swift */,
				7B1DE095021240DBA699B07B /* Theme */,
				14BE836302524BFEA41147C4 /* Models */,
				FE725666B3B04E2EBB6A5326 /* Navigation */,
				D883EA26808E40FCBDC69BAC /* Screens */,
				A3CCA6398E5E43A2B35B1AF5 /* Components */,
				7A3F5E4F1E134146BBC896AF /* Assets.xcassets */,
				2059E33418F848E184389EB3 /* Info.plist */,
				10860EFA8E8A45E8909515FD /* Localization */,
			);
			path = iosApp;
			sourceTree = "<group>";
		};
		19173B9A0D4F42CCA1267D73 /* Products */ = {
			isa = PBXGroup;
			children = (
				22039B95B2BC4934B3DC0480 /* iosApp.app */,
			);
			name = Products;
			sourceTree = "<group>";
		};
		7B1DE095021240DBA699B07B /* Theme */ = {
			isa = PBXGroup;
			children = (
				CBB6ED8EAD9849FA9A6F50E8 /* Theme.swift */,
			);
			path = Theme;
			sourceTree = "<group>";
		};
		14BE836302524BFEA41147C4 /* Models */ = {
			isa = PBXGroup;
			children = (
				4E8AD308496D4A458643A58C /* Models.swift */,
			);
			path = Models;
			sourceTree = "<group>";
		};
		FE725666B3B04E2EBB6A5326 /* Navigation */ = {
			isa = PBXGroup;
			children = (
				37DA31E6F866464CB56AFAA6 /* AppState.swift */,
			);
			path = Navigation;
			sourceTree = "<group>";
		};
		D883EA26808E40FCBDC69BAC /* Screens */ = {
			isa = PBXGroup;
			children = (
				7A4131C9865C488C967C0242 /* HomeView.swift */,
				1C969B64F4204746802A53D1 /* LoginView.swift */,
				10EB2CC93B724734ACA5FEBA /* ProfileView.swift */,
				09824C16354441898637F75A /* RootTabView.swift */,
				16B3AF8FCFC14598A08A7C4E /* SearchFormView.swift */,
				F810A33E3B32418F8D86269B /* SearchResultsView.swift */,
				34E431847864465BB4E3674A /* TrainDetailView.swift */,
				F513E55826D94C18A129DAF3 /* HistoryView.swift */,
				805BEEF5367448F6A104A718 /* TrainSearchResultsView.swift */,
				03291A184487444D9D6E335F /* SettingsView.swift */,
			);
			path = Screens;
			sourceTree = "<group>";
		};
		A3CCA6398E5E43A2B35B1AF5 /* Components */ = {
			isa = PBXGroup;
			children = (
				97FAA9E95DBD40C791B08AAE /* JourneyPlannerCard.swift */,
				45264F5B255C4C32891B8550 /* QuickActionsRow.swift */,
				0550D1F25BB44A4AA66F3099 /* TrainResultCard.swift */,
				6A3E81F7494B468690C0B2FD /* StationPickerSheet.swift */,
				E8489207219B424E913ADD2C /* ConfirmedTrainList.swift */,
			);
			path = Components;
			sourceTree = "<group>";
		};
		10860EFA8E8A45E8909515FD /* Localization */ = {
			isa = PBXGroup;
			children = (
				316EB7DFDED74CB98E5B7861 /* L10n.swift */,
			);
			path = Localization;
			sourceTree = "<group>";
		};
/* End PBXGroup section */

/* Begin PBXNativeTarget section */
		177B4A1EDA3F4F228E333C72 /* iosApp */ = {
			isa = PBXNativeTarget;
			buildConfigurationList = 80023596DB5845D2ADCF5882 /* Build configuration list for PBXNativeTarget "iosApp" */;
			buildPhases = (
				71B7D64C3E1E4D029D0D4B95 /* Compile Kotlin Framework */,
				FF351E9C5AD14EA3878FE283 /* Sources */,
				4C67FCD893BF435F9B33815F /* Frameworks */,
				E862DFB5C05A4D2C92359253 /* Resources */,
			);
			buildRules = (
			);
			dependencies = (
			);
			name = iosApp;
			productName = iosApp;
			productReference = 22039B95B2BC4934B3DC0480 /* iosApp.app */;
			productType = "com.apple.product-type.application";
		};
/* End PBXNativeTarget section */

/* Begin PBXProject section */
		B18329DE81F548D0A3AD9F5E /* Project object */ = {
			isa = PBXProject;
			attributes = {
				BuildIndependentTargetsInParallel = 1;
				LastSwiftUpdateCheck = 1540;
				LastUpgradeCheck = 1540;
				TargetAttributes = {
					177B4A1EDA3F4F228E333C72 = {
						CreatedOnToolsVersion = 15.4;
					};
				};
			};
			buildConfigurationList = E855F5B0209A495DB270B980 /* Build configuration list for PBXProject "iosApp" */;
			compatibilityVersion = "Xcode 14.0";
			developmentRegion = en;
			hasScannedForEncodings = 0;
			knownRegions = (
				en,
				Base,
			);
			mainGroup = 308B94949D7E45F1B4D00FCA;
			productRefGroup = 19173B9A0D4F42CCA1267D73 /* Products */;
			projectDirPath = "";
			projectRoot = "";
			targets = (
				177B4A1EDA3F4F228E333C72 /* iosApp */,
			);
		};
/* End PBXProject section */

/* Begin PBXResourcesBuildPhase section */
		E862DFB5C05A4D2C92359253 /* Resources */ = {
			isa = PBXResourcesBuildPhase;
			buildActionMask = 2147483647;
			files = (
				1794D810B24D42488749FCD3 /* Assets.xcassets in Resources */,
			);
			runOnlyForDeploymentPostprocessing = 0;
		};
/* End PBXResourcesBuildPhase section */

/* Begin PBXShellScriptBuildPhase section */
		71B7D64C3E1E4D029D0D4B95 /* Compile Kotlin Framework */ = {
			isa = PBXShellScriptBuildPhase;
			buildActionMask = 2147483647;
			files = (
			);
			inputFileListPaths = (
			);
			inputPaths = (
			);
			name = "Compile Kotlin Framework";
			outputFileListPaths = (
			);
			outputPaths = (
			);
			runOnlyForDeploymentPostprocessing = 0;
			shellPath = /bin/sh;
			shellScript = "cd \"$SRCROOT/..\"\n./gradlew :composeApp:embedAndSignAppleFrameworkForXcode\n";
		};
/* End PBXShellScriptBuildPhase section */

/* Begin PBXSourcesBuildPhase section */
		FF351E9C5AD14EA3878FE283 /* Sources */ = {
			isa = PBXSourcesBuildPhase;
			buildActionMask = 2147483647;
			files = (
				7D9686186058426BBD007096 /* iOSApp.swift in Sources */,
				D3257D69578042FB8BC5C9C9 /* ContentView.swift in Sources */,
				8320041D30D04F1FA8E85EBD /* Theme.swift in Sources */,
				CB4773179A4442C499133368 /* Models.swift in Sources */,
				E4B2FE3B92F54B47831B178F /* AppState.swift in Sources */,
				2084BA6B92AC49BE90ADED77 /* HomeView.swift in Sources */,
				3893DBDDF5134E1896397E23 /* LoginView.swift in Sources */,
				BDB50DD30E5148239B8DABA6 /* ProfileView.swift in Sources */,
				13C283B963DD4F17992C2870 /* RootTabView.swift in Sources */,
				6CDB928F20EC4BC1870F749E /* SearchFormView.swift in Sources */,
				AE0215F57B5842D48693B396 /* SearchResultsView.swift in Sources */,
				3670C5C5CF974244B508C864 /* TrainDetailView.swift in Sources */,
				7DA49C4425D44CE594173831 /* JourneyPlannerCard.swift in Sources */,
				8A16B7AA768E4472A289807B /* QuickActionsRow.swift in Sources */,
				DCFCE4AA49614B3EAAB2933C /* TrainResultCard.swift in Sources */,
				9CB8FC6719E946AE8FE4A64D /* StationPickerSheet.swift in Sources */,
				5C55C1916457477684D0EF09 /* HistoryView.swift in Sources */,
				11C29FA2D4544C9BA4C07F2D /* TrainSearchResultsView.swift in Sources */,
				B656C38014A74498B19888BA /* ConfirmedTrainList.swift in Sources */,
				91380C292DEE42799B2528E1 /* L10n.swift in Sources */,
				C366272A457B4BBBA6327CAA /* SettingsView.swift in Sources */,
			);
			runOnlyForDeploymentPostprocessing = 0;
		};


/* Begin XCBuildConfiguration section */
		668CE5639D9A4790ABE711A0 /* Debug */ = {
			isa = XCBuildConfiguration;
			buildSettings = {
				ALWAYS_SEARCH_USER_PATHS = NO;
				CLANG_ANALYZER_NONNULL = YES;
				CLANG_ANALYZER_NUMBER_OBJECT_CONVERSION = YES_AGGRESSIVE;
				CLANG_CXX_LANGUAGE_STANDARD = "gnu++20";
				CLANG_ENABLE_MODULES = YES;
				CLANG_ENABLE_OBJC_ARC = YES;
				CLANG_ENABLE_OBJC_WEAK = YES;
				CLANG_WARN_BLOCK_CAPTURE_AUTORELEASING = YES;
				CLANG_WARN_BOOL_CONVERSION = YES;
				CLANG_WARN_COMMA = YES;
				CLANG_WARN_CONSTANT_CONVERSION = YES;
				CLANG_WARN_DEPRECATED_OBJC_IMPLEMENTATIONS = YES;
				CLANG_WARN_DIRECT_OBJC_ISA_USAGE = YES_ERROR;
				CLANG_WARN_DOCUMENTATION_COMMENTS = YES;
				CLANG_WARN_EMPTY_BODY = YES;
				CLANG_WARN_ENUM_CONVERSION = YES;
				CLANG_WARN_INFINITE_RECURSION = YES;
				CLANG_WARN_INT_CONVERSION = YES;
				CLANG_WARN_NON_LITERAL_NULL_CONVERSION = YES;
				CLANG_WARN_OBJC_IMPLICIT_RETAIN_SELF = YES;
				CLANG_WARN_OBJC_LITERAL_CONVERSION = YES;
				CLANG_WARN_OBJC_ROOT_CLASS = YES_ERROR;
				CLANG_WARN_QUOTED_INCLUDE_IN_FRAMEWORK_HEADER = YES;
				CLANG_WARN_RANGE_LOOP_ANALYSIS = YES;
				CLANG_WARN_STRICT_PROTOTYPES = YES;
				CLANG_WARN_SUSPICIOUS_MOVE = YES;
				CLANG_WARN_UNGUARDED_AVAILABILITY = YES_AGGRESSIVE;
				CLANG_WARN_UNREACHABLE_CODE = YES;
				CLANG_WARN__DUPLICATE_METHOD_MATCH = YES;
				COPY_PHASE_STRIP = NO;
				DEBUG_INFORMATION_FORMAT = dwarf;
				ENABLE_STRICT_OBJC_MSGSEND = YES;
				ENABLE_TESTABILITY = YES;
				ENABLE_USER_SCRIPT_SANDBOXING = NO;
				GCC_C_LANGUAGE_STANDARD = gnu17;
				GCC_DYNAMIC_NO_PIC = NO;
				GCC_NO_COMMON_BLOCKS = YES;
				GCC_OPTIMIZATION_LEVEL = 0;
				GCC_PREPROCESSOR_DEFINITIONS = (
					"DEBUG=1",
					"$(inherited)",
				);
				GCC_WARN_64_TO_32_BIT_CONVERSION = YES;
				GCC_WARN_ABOUT_RETURN_TYPE = YES_ERROR;
				GCC_WARN_UNDECLARED_SELECTOR = YES;
				GCC_WARN_UNINITIALIZED_AUTOS = YES_AGGRESSIVE;
				GCC_WARN_UNUSED_FUNCTION = YES;
				GCC_WARN_UNUSED_VARIABLE = YES;
				IPHONEOS_DEPLOYMENT_TARGET = 17.0;
				MTL_ENABLE_DEBUG_INFO = INCLUDE_SOURCE;
				MTL_FAST_MATH = YES;
				ONLY_ACTIVE_ARCH = YES;
				SDKROOT = iphoneos;
				SWIFT_ACTIVE_COMPILATION_CONDITIONS = DEBUG;
				SWIFT_OPTIMIZATION_LEVEL = "-Onone";
			};
			name = Debug;
		};
		E6E70C65CFFA4FBEAC4CE6D1 /* Release */ = {
			isa = XCBuildConfiguration;
			buildSettings = {
				ALWAYS_SEARCH_USER_PATHS = NO;
				CLANG_ANALYZER_NONNULL = YES;
				CLANG_ANALYZER_NUMBER_OBJECT_CONVERSION = YES_AGGRESSIVE;
				CLANG_CXX_LANGUAGE_STANDARD = "gnu++20";
				CLANG_ENABLE_MODULES = YES;
				CLANG_ENABLE_OBJC_ARC = YES;
				CLANG_ENABLE_OBJC_WEAK = YES;
				CLANG_WARN_BLOCK_CAPTURE_AUTORELEASING = YES;
				CLANG_WARN_BOOL_CONVERSION = YES;
				CLANG_WARN_COMMA = YES;
				CLANG_WARN_CONSTANT_CONVERSION = YES;
				CLANG_WARN_DEPRECATED_OBJC_IMPLEMENTATIONS = YES;
				CLANG_WARN_DIRECT_OBJC_ISA_USAGE = YES_ERROR;
				CLANG_WARN_DOCUMENTATION_COMMENTS = YES;
				CLANG_WARN_EMPTY_BODY = YES;
				CLANG_WARN_ENUM_CONVERSION = YES;
				CLANG_WARN_INFINITE_RECURSION = YES;
				CLANG_WARN_INT_CONVERSION = YES;
				CLANG_WARN_NON_LITERAL_NULL_CONVERSION = YES;
				CLANG_WARN_OBJC_IMPLICIT_RETAIN_SELF = YES;
				CLANG_WARN_OBJC_LITERAL_CONVERSION = YES;
				CLANG_WARN_OBJC_ROOT_CLASS = YES_ERROR;
				CLANG_WARN_QUOTED_INCLUDE_IN_FRAMEWORK_HEADER = YES;
				CLANG_WARN_RANGE_LOOP_ANALYSIS = YES;
				CLANG_WARN_STRICT_PROTOTYPES = YES;
				CLANG_WARN_SUSPICIOUS_MOVE = YES;
				CLANG_WARN_UNGUARDED_AVAILABILITY = YES_AGGRESSIVE;
				CLANG_WARN_UNREACHABLE_CODE = YES;
				CLANG_WARN__DUPLICATE_METHOD_MATCH = YES;
				COPY_PHASE_STRIP = NO;
				DEBUG_INFORMATION_FORMAT = "dwarf-with-dsym";
				ENABLE_NS_ASSERTIONS = NO;
				ENABLE_STRICT_OBJC_MSGSEND = YES;
				ENABLE_USER_SCRIPT_SANDBOXING = NO;
				GCC_C_LANGUAGE_STANDARD = gnu17;
				GCC_NO_COMMON_BLOCKS = YES;
				GCC_WARN_64_TO_32_BIT_CONVERSION = YES;
				GCC_WARN_ABOUT_RETURN_TYPE = YES_ERROR;
				GCC_WARN_UNDECLARED_SELECTOR = YES;
				GCC_WARN_UNINITIALIZED_AUTOS = YES_AGGRESSIVE;
				GCC_WARN_UNUSED_FUNCTION = YES;
				GCC_WARN_UNUSED_VARIABLE = YES;
				IPHONEOS_DEPLOYMENT_TARGET = 17.0;
				MTL_ENABLE_DEBUG_INFO = NO;
				MTL_FAST_MATH = YES;
				SDKROOT = iphoneos;
				SWIFT_COMPILATION_MODE = wholemodule;
				VALIDATE_PRODUCT = YES;
			};
			name = Release;
		};
		3C82E1AE762A44BFB2CB394A /* Debug */ = {
			isa = XCBuildConfiguration;
			buildSettings = {
				ASSETCATALOG_COMPILER_APPICON_NAME = AppIcon;
				ASSETCATALOG_COMPILER_GLOBAL_ACCENT_COLOR_NAME = AccentColor;
				CODE_SIGN_STYLE = Automatic;
				CURRENT_PROJECT_VERSION = 1;
				DEVELOPMENT_ASSET_PATHS = "";
				ENABLE_PREVIEWS = YES;
				GENERATE_INFOPLIST_FILE = NO;
				INFOPLIST_FILE = iosApp/Info.plist;
				INFOPLIST_KEY_UIApplicationSceneManifest_Generation = YES;
				INFOPLIST_KEY_UILaunchScreen_Generation = YES;
				INFOPLIST_KEY_UISupportedInterfaceOrientations_iPad = "UIInterfaceOrientationPortrait UIInterfaceOrientationPortraitUpsideDown UIInterfaceOrientationLandscapeLeft UIInterfaceOrientationLandscapeRight";
				INFOPLIST_KEY_UISupportedInterfaceOrientations_iPhone = "UIInterfaceOrientationPortrait";
				LD_RUNPATH_SEARCH_PATHS = (
					"$(inherited)",
					"@executable_path/Frameworks",
				);
				MARKETING_VERSION = 0.1;
				PRODUCT_BUNDLE_IDENTIFIER = com.brexplorer.app;
				PRODUCT_NAME = "$(TARGET_NAME)";
				SWIFT_EMIT_LOC_STRINGS = YES;
				SWIFT_VERSION = 5.0;
				TARGETED_DEVICE_FAMILY = "1,2";
			};
			name = Debug;
		};
		507A120BDD184786B984EFC3 /* Release */ = {
			isa = XCBuildConfiguration;
			buildSettings = {
				ASSETCATALOG_COMPILER_APPICON_NAME = AppIcon;
				ASSETCATALOG_COMPILER_GLOBAL_ACCENT_COLOR_NAME = AccentColor;
				CODE_SIGN_STYLE = Automatic;
				CURRENT_PROJECT_VERSION = 1;
				DEVELOPMENT_ASSET_PATHS = "";
				ENABLE_PREVIEWS = YES;
				GENERATE_INFOPLIST_FILE = NO;
				INFOPLIST_FILE = iosApp/Info.plist;
				INFOPLIST_KEY_UIApplicationSceneManifest_Generation = YES;
				INFOPLIST_KEY_UILaunchScreen_Generation = YES;
				INFOPLIST_KEY_UISupportedInterfaceOrientations_iPad = "UIInterfaceOrientationPortrait UIInterfaceOrientationPortraitUpsideDown UIInterfaceOrientationLandscapeLeft UIInterfaceOrientationLandscapeRight";
				INFOPLIST_KEY_UISupportedInterfaceOrientations_iPhone = "UIInterfaceOrientationPortrait";
				LD_RUNPATH_SEARCH_PATHS = (
					"$(inherited)",
					"@executable_path/Frameworks",
				);
				MARKETING_VERSION = 0.1;
				PRODUCT_BUNDLE_IDENTIFIER = com.brexplorer.app;
				PRODUCT_NAME = "$(TARGET_NAME)";
				SWIFT_EMIT_LOC_STRINGS = YES;
				SWIFT_VERSION = 5.0;
				TARGETED_DEVICE_FAMILY = "1,2";
			};
			name = Release;
		};
/* End XCBuildConfiguration section */

/* Begin XCConfigurationList section */
		E855F5B0209A495DB270B980 /* Build configuration list for PBXProject "iosApp" */ = {
			isa = XCConfigurationList;
			buildConfigurations = (
				668CE5639D9A4790ABE711A0 /* Debug */,
				E6E70C65CFFA4FBEAC4CE6D1 /* Release */,
			);
			defaultConfigurationIsVisible = 0;
			defaultConfigurationName = Release;
		};
		80023596DB5845D2ADCF5882 /* Build configuration list for PBXNativeTarget "iosApp" */ = {
			isa = XCConfigurationList;
			buildConfigurations = (
				3C82E1AE762A44BFB2CB394A /* Debug */,
				507A120BDD184786B984EFC3 /* Release */,
			);
			defaultConfigurationIsVisible = 0;
			defaultConfigurationName = Release;
		};
/* End XCConfigurationList section */
	};
	rootObject = B18329DE81F548D0A3AD9F5E /* Project object */;
}
